<?xml version="1.0" encoding="utf-8"?>
<Project ToolsVersion="4.0" xmlns="http://schemas.microsoft.com/developer/msbuild/2003">
  <ItemGroup>
    <Filter Include="Source Files">
      <UniqueIdentifier>{4FC737F1-C7A5-4376-A066-2A32D752A2FF}</UniqueIdentifier>
      <Extensions>cpp;c;cc;cxx;c++;cppm;ixx;def;odl;idl;hpj;bat;asm;asmx</Extensions>
    </Filter>
    <Filter Include="Header Files">
      <UniqueIdentifier>{93995380-89BD-4b04-88EB-625FBE52EBFB}</UniqueIdentifier>
      <Extensions>h;hh;hpp;hxx;h++;hm;inl;inc;ipp;xsd</Extensions>
    </Filter>
    <Filter Include="Resource Files">
      <UniqueIdentifier>{67DA6AB6-F800-4c08-8B7A-83BB121AAD01}</UniqueIdentifier>
      <Extensions>rc;ico;cur;bmp;dlg;rc2;rct;bin;rgs;gif;jpg;jpeg;jpe;resx;tiff;tif;png;wav;mfcribbon-ms</Extensions>
    </Filter>
  </ItemGroup>
  <ItemGroup>
    <ClCompile Include="ConsoleApplication1.cpp">
      <Filter>Source Files</Filter>
    </ClCompile>
  </ItemGroup>
  <ItemGroup>
    <ClInclude Include="clsTipodeDeporte.h">
      <Filter>Header Files</Filter>
    </ClInclude>
    <ClInclude Include="clsEquipo.h">
      <Filter>Header Files</Filter>
    </ClInclude>
    <ClInclude Include="clsFecha.h">
      <Filter>Header Files</Filter>
    </ClInclude>
    <ClInclude Include="clsJugadores.h">
      <Filter>Header Files</Filter>
    </ClInclude>
    <ClInclude Include="clsRegistro.h">
      <Filter>Header Files</Filter>
    </ClInclude>
    <ClInclude Include="clsRegistroDepo.h">
      <Filter>Header Files</Filter>
    </ClInclude>
    <ClInclude Include="clsRegistroEquipo.h">
      <Filter>Header Files</Filter>
    </ClInclude>
    <ClInclude Include="clsRegistroTipo.h">
      <Filter>Header Files</Filter>
    </ClInclude>
    <ClInclude Include="clsDeportes.h">
      <Filter>Header Files</Filter>
    </ClInclude>
    <ClInclude Include="funcionesConfiguracion.h">
      <Filter>Header Files</Filter>
    </ClInclude>
    <ClInclude Include="funcionesGlobales.h">
      <Filter>Header Files</Filter>
    </ClInclude>
    <ClInclude Include="reportes.h">
      <Filter>Header Files</Filter>
    </ClInclude>
    <ClInclude Include="rlutil.h">
      <Filter>Header Files</Filter>
    </ClInclude>
    <ClInclude Include="rlutilPlusPlus.h">
      <Filter>Header Files</Filter>
    </ClInclude>
    <ClInclude Include="subMenuConfiguracion.h">
      <Filter>Header Files</Filter>
    </ClInclude>
    <ClInclude Include="subMenuDeportes.h">
      <Filter>Header Files</Filter>
    </ClInclude>
    <ClInclude Include="subMenuEquipos.h">
      <Filter>Header Files</Filter>
    </ClInclude>
    <ClInclude Include="subMenuJugadores.h">
      <Filter>Header Files</Filter>
    </ClInclude>
    <ClInclude Include="subMenuTipo.h">
      <Filter>Header Files</Filter>
    </ClInclude>
  </ItemGroup>
  <ItemGroup>
    <None Include="TipodeDeporteIni.bkp">
      <Filter>Resource Files</Filter>
    </None>
    <None Include="deportes.dat">
      <Filter>Resource Files</Filter>
    </None>
    <None Include="deportesInicio.dat">
      <Filter>Resource Files</Filter>
    </None>
    <None Include="deportespunto1.dat">
      <Filter>Resource Files</Filter>
    </None>
    <None Include="equipos.bkp">
      <Filter>Resource Files</Filter>
    </None>
    <None Include="equipos.dat">
      <Filter>Resource Files</Filter>
    </None>
    <None Include="equiposIni.bkp">
      <Filter>Resource Files</Filter>
    </None>
    <None Include="jugadores.bkp">
      <Filter>Resource Files</Filter>
    </None>
    <None Include="jugadores.dat">
      <Filter>Resource Files</Filter>
    </None>
    <None Include="jugadoresInicio.dat">
      <Filter>Resource Files</Filter>
    </None>
    <None Include="TipodeDeporte.bkp">
      <Filter>Resource Files</Filter>
    </None>
    <None Include="TipodeDeporte.dat">
      <Filter>Resource Files</Filter>
    </None>
    <None Include="deportes.bkp">
      <Filter>Resource Files</Filter>
    </None>
  </ItemGroup>
</Project>